// !$*UTF8*$!
{
	archiveVersion = 1;
	classes = {
	};
	objectVersion = 50;
	objects = {

/* Begin PBXBuildFile section */
		0133F25C207B03D5000E4787 /* ContentPriorityViewController.m in Sources */ = {isa = PBXBuildFile; fileRef = 0133F25B207B03D5000E4787 /* ContentPriorityViewController.m */; };
		018F0188207AED7500CFDA20 /* AppDelegate.m in Sources */ = {isa = PBXBuildFile; fileRef = 018F0187207AED7500CFDA20 /* AppDelegate.m */; };
		018F018E207AED7500CFDA20 /* Main.storyboard in Resources */ = {isa = PBXBuildFile; fileRef = 018F018C207AED7500CFDA20 /* Main.storyboard */; };
		018F0190207AED7600CFDA20 /* Assets.xcassets in Resources */ = {isa = PBXBuildFile; fileRef = 018F018F207AED7600CFDA20 /* Assets.xcassets */; };
		018F0193207AED7600CFDA20 /* LaunchScreen.storyboard in Resources */ = {isa = PBXBuildFile; fileRef = 018F0191207AED7600CFDA20 /* LaunchScreen.storyboard */; };
		018F0196207AED7600CFDA20 /* main.m in Sources */ = {isa = PBXBuildFile; fileRef = 018F0195207AED7600CFDA20 /* main.m */; };
		018F019E207AEF0200CFDA20 /* PriorityViewController.m in Sources */ = {isa = PBXBuildFile; fileRef = 018F019D207AEF0200CFDA20 /* PriorityViewController.m */; };
		018F01AB207AF2B900CFDA20 /* IntrinsicContentSizeViewController.m in Sources */ = {isa = PBXBuildFile; fileRef = 018F01AA207AF2B900CFDA20 /* IntrinsicContentSizeViewController.m */; };
		018F01AE207AF62000CFDA20 /* PictureView.m in Sources */ = {isa = PBXBuildFile; fileRef = 018F01AD207AF62000CFDA20 /* PictureView.m */; };
		018F01B0207AF62900CFDA20 /* PictureView.xib in Resources */ = {isa = PBXBuildFile; fileRef = 018F01AF207AF62900CFDA20 /* PictureView.xib */; };
		01AB91DD207B29C60032CE1F /* SizeClassViewController.m in Sources */ = {isa = PBXBuildFile; fileRef = 01AB91DC207B29C60032CE1F /* SizeClassViewController.m */; };
		01AB91EA207B4EC30032CE1F /* ChangeConstraintViewController.m in Sources */ = {isa = PBXBuildFile; fileRef = 01AB91E9207B4EC30032CE1F /* ChangeConstraintViewController.m */; };
		A472856C208884D800DB74B0 /* StackViewController.m in Sources */ = {isa = PBXBuildFile; fileRef = A472856B208884D800DB74B0 /* StackViewController.m */; };
		A472856F208885F700DB74B0 /* StackView.m in Sources */ = {isa = PBXBuildFile; fileRef = A472856E208885F700DB74B0 /* StackView.m */; };
		A47285712088860B00DB74B0 /* StackView.xib in Resources */ = {isa = PBXBuildFile; fileRef = A47285702088860B00DB74B0 /* StackView.xib */; };
		A491C45320B2596200A43EC2 /* CustomSchemeModule.m in Sources */ = {isa = PBXBuildFile; fileRef = A491C45120B2596200A43EC2 /* CustomSchemeModule.m */; };
		A491C47C20B2BDCB00A43EC2 /* bugs.m in Sources */ = {isa = PBXBuildFile; fileRef = A491C47B20B2BDCB00A43EC2 /* bugs.m */; };
/* End PBXBuildFile section */

/* Begin PBXFileReference section */
		0133F25A207B03D5000E4787 /* ContentPriorityViewController.h */ = {isa = PBXFileReference; lastKnownFileType = sourcecode.c.h; path = ContentPriorityViewController.h; sourceTree = "<group>"; };
		0133F25B207B03D5000E4787 /* ContentPriorityViewController.m */ = {isa = PBXFileReference; lastKnownFileType = sourcecode.c.objc; path = ContentPriorityViewController.m; sourceTree = "<group>"; };
		018F0183207AED7500CFDA20 /* SimpleSample.app */ = {isa = PBXFileReference; explicitFileType = wrapper.application; includeInIndex = 0; path = SimpleSample.app; sourceTree = BUILT_PRODUCTS_DIR; };
		018F0186207AED7500CFDA20 /* AppDelegate.h */ = {isa = PBXFileReference; lastKnownFileType = sourcecode.c.h; path = AppDelegate.h; sourceTree = "<group>"; };
		018F0187207AED7500CFDA20 /* AppDelegate.m */ = {isa = PBXFileReference; lastKnownFileType = sourcecode.c.objc; path = AppDelegate.m; sourceTree = "<group>"; };
		018F018D207AED7500CFDA20 /* Base */ = {isa = PBXFileReference; lastKnownFileType = file.storyboard; name = Base; path = Base.lproj/Main.storyboard; sourceTree = "<group>"; };
		018F018F207AED7600CFDA20 /* Assets.xcassets */ = {isa = PBXFileReference; lastKnownFileType = folder.assetcatalog; path = Assets.xcassets; sourceTree = "<group>"; };
		018F0192207AED7600CFDA20 /* Base */ = {isa = PBXFileReference; lastKnownFileType = file.storyboard; name = Base; path = Base.lproj/LaunchScreen.storyboard; sourceTree = "<group>"; };
		018F0194207AED7600CFDA20 /* Info.plist */ = {isa = PBXFileReference; lastKnownFileType = text.plist.xml; path = Info.plist; sourceTree = "<group>"; };
		018F0195207AED7600CFDA20 /* main.m */ = {isa = PBXFileReference; lastKnownFileType = sourcecode.c.objc; path = main.m; sourceTree = "<group>"; };
		018F019C207AEF0200CFDA20 /* PriorityViewController.h */ = {isa = PBXFileReference; lastKnownFileType = sourcecode.c.h; path = PriorityViewController.h; sourceTree = "<group>"; };
		018F019D207AEF0200CFDA20 /* PriorityViewController.m */ = {isa = PBXFileReference; lastKnownFileType = sourcecode.c.objc; path = PriorityViewController.m; sourceTree = "<group>"; };
		018F01A9207AF2B900CFDA20 /* IntrinsicContentSizeViewController.h */ = {isa = PBXFileReference; lastKnownFileType = sourcecode.c.h; path = IntrinsicContentSizeViewController.h; sourceTree = "<group>"; };
		018F01AA207AF2B900CFDA20 /* IntrinsicContentSizeViewController.m */ = {isa = PBXFileReference; lastKnownFileType = sourcecode.c.objc; path = IntrinsicContentSizeViewController.m; sourceTree = "<group>"; };
		018F01AC207AF62000CFDA20 /* PictureView.h */ = {isa = PBXFileReference; lastKnownFileType = sourcecode.c.h; path = PictureView.h; sourceTree = "<group>"; };
		018F01AD207AF62000CFDA20 /* PictureView.m */ = {isa = PBXFileReference; lastKnownFileType = sourcecode.c.objc; path = PictureView.m; sourceTree = "<group>"; };
		018F01AF207AF62900CFDA20 /* PictureView.xib */ = {isa = PBXFileReference; lastKnownFileType = file.xib; path = PictureView.xib; sourceTree = "<group>"; };
		01AB91DB207B29C60032CE1F /* SizeClassViewController.h */ = {isa = PBXFileReference; lastKnownFileType = sourcecode.c.h; path = SizeClassViewController.h; sourceTree = "<group>"; };
		01AB91DC207B29C60032CE1F /* SizeClassViewController.m */ = {isa = PBXFileReference; lastKnownFileType = sourcecode.c.objc; path = SizeClassViewController.m; sourceTree = "<group>"; };
		01AB91E8207B4EC30032CE1F /* ChangeConstraintViewController.h */ = {isa = PBXFileReference; lastKnownFileType = sourcecode.c.h; path = ChangeConstraintViewController.h; sourceTree = "<group>"; };
		01AB91E9207B4EC30032CE1F /* ChangeConstraintViewController.m */ = {isa = PBXFileReference; lastKnownFileType = sourcecode.c.objc; path = ChangeConstraintViewController.m; sourceTree = "<group>"; };
		A472856A208884CB00DB74B0 /* StackViewController.h */ = {isa = PBXFileReference; lastKnownFileType = sourcecode.c.h; path = StackViewController.h; sourceTree = "<group>"; };
		A472856B208884D800DB74B0 /* StackViewController.m */ = {isa = PBXFileReference; lastKnownFileType = sourcecode.c.objc; path = StackViewController.m; sourceTree = "<group>"; };
		A472856D208885EC00DB74B0 /* StackView.h */ = {isa = PBXFileReference; lastKnownFileType = sourcecode.c.h; path = StackView.h; sourceTree = "<group>"; };
		A472856E208885F700DB74B0 /* StackView.m */ = {isa = PBXFileReference; lastKnownFileType = sourcecode.c.objc; path = StackView.m; sourceTree = "<group>"; };
		A47285702088860B00DB74B0 /* StackView.xib */ = {isa = PBXFileReference; fileEncoding = 4; lastKnownFileType = file.xib; path = StackView.xib; sourceTree = "<group>"; };
		A491C45020B2596200A43EC2 /* CommonSegueControl.h */ = {isa = PBXFileReference; fileEncoding = 4; lastKnownFileType = sourcecode.c.h; path = CommonSegueControl.h; sourceTree = "<group>"; };
		A491C45120B2596200A43EC2 /* CustomSchemeModule.m */ = {isa = PBXFileReference; fileEncoding = 4; lastKnownFileType = sourcecode.c.objc; path = CustomSchemeModule.m; sourceTree = "<group>"; };
		A491C45220B2596200A43EC2 /* CustomSchemeModule.h */ = {isa = PBXFileReference; fileEncoding = 4; lastKnownFileType = sourcecode.c.h; path = CustomSchemeModule.h; sourceTree = "<group>"; };
		A491C47A20B2BDC200A43EC2 /* bugs.h */ = {isa = PBXFileReference; lastKnownFileType = sourcecode.c.h; path = bugs.h; sourceTree = "<group>"; };
		A491C47B20B2BDCB00A43EC2 /* bugs.m */ = {isa = PBXFileReference; lastKnownFileType = sourcecode.c.objc; path = bugs.m; sourceTree = "<group>"; };
/* End PBXFileReference section */

/* Begin PBXFrameworksBuildPhase section */
		018F0180207AED7500CFDA20 /* Frameworks */ = {
			isa = PBXFrameworksBuildPhase;
			buildActionMask = 2147483647;
			files = (
			);
			runOnlyForDeploymentPostprocessing = 0;
		};
/* End PBXFrameworksBuildPhase section */

/* Begin PBXGroup section */
		018F017A207AED7500CFDA20 = {
			isa = PBXGroup;
			children = (
				018F0185207AED7500CFDA20 /* SimpleSample */,
				018F0184207AED7500CFDA20 /* Products */,
			);
			sourceTree = "<group>";
		};
		018F0184207AED7500CFDA20 /* Products */ = {
			isa = PBXGroup;
			children = (
				018F0183207AED7500CFDA20 /* SimpleSample.app */,
			);
			name = Products;
			sourceTree = "<group>";
		};
		018F0185207AED7500CFDA20 /* SimpleSample */ = {
			isa = PBXGroup;
			children = (
				018F0186207AED7500CFDA20 /* AppDelegate.h */,
				018F0187207AED7500CFDA20 /* AppDelegate.m */,
				A491C45420B2597700A43EC2 /* customScheme */,
				A491C46120B25DD000A43EC2 /* autolayout */,
				018F018C207AED7500CFDA20 /* Main.storyboard */,
				018F018F207AED7600CFDA20 /* Assets.xcassets */,
				018F0191207AED7600CFDA20 /* LaunchScreen.storyboard */,
				018F0194207AED7600CFDA20 /* Info.plist */,
				018F0195207AED7600CFDA20 /* main.m */,
			);
			path = SimpleSample;
			sourceTree = "<group>";
		};
		A491C45420B2597700A43EC2 /* customScheme */ = {
			isa = PBXGroup;
			children = (
				A491C47920B2BDB400A43EC2 /* bugs */,
				A491C45020B2596200A43EC2 /* CommonSegueControl.h */,
				A491C45220B2596200A43EC2 /* CustomSchemeModule.h */,
				A491C45120B2596200A43EC2 /* CustomSchemeModule.m */,
				A472856A208884CB00DB74B0 /* StackViewController.h */,
				A472856B208884D800DB74B0 /* StackViewController.m */,
			);
			path = customScheme;
			sourceTree = "<group>";
		};
		A491C46120B25DD000A43EC2 /* autolayout */ = {
			isa = PBXGroup;
			children = (
				018F019C207AEF0200CFDA20 /* PriorityViewController.h */,
				018F019D207AEF0200CFDA20 /* PriorityViewController.m */,
				018F01A9207AF2B900CFDA20 /* IntrinsicContentSizeViewController.h */,
				018F01AA207AF2B900CFDA20 /* IntrinsicContentSizeViewController.m */,
				018F01AC207AF62000CFDA20 /* PictureView.h */,
				018F01AD207AF62000CFDA20 /* PictureView.m */,
				018F01AF207AF62900CFDA20 /* PictureView.xib */,
				0133F25A207B03D5000E4787 /* ContentPriorityViewController.h */,
				0133F25B207B03D5000E4787 /* ContentPriorityViewController.m */,
				01AB91DB207B29C60032CE1F /* SizeClassViewController.h */,
				01AB91DC207B29C60032CE1F /* SizeClassViewController.m */,
				01AB91E8207B4EC30032CE1F /* ChangeConstraintViewController.h */,
				01AB91E9207B4EC30032CE1F /* ChangeConstraintViewController.m */,
				A472856D208885EC00DB74B0 /* StackView.h */,
				A472856E208885F700DB74B0 /* StackView.m */,
				A47285702088860B00DB74B0 /* StackView.xib */,
			);
			path = autolayout;
			sourceTree = "<group>";
		};
		A491C47920B2BDB400A43EC2 /* bugs */ = {
			isa = PBXGroup;
			children = (
				A491C47A20B2BDC200A43EC2 /* bugs.h */,
				A491C47B20B2BDCB00A43EC2 /* bugs.m */,
			);
			path = bugs;
			sourceTree = "<group>";
		};
/* End PBXGroup section */

/* Begin PBXNativeTarget section */
		018F0182207AED7500CFDA20 /* SimpleSample */ = {
			isa = PBXNativeTarget;
			buildConfigurationList = 018F0199207AED7600CFDA20 /* Build configuration list for PBXNativeTarget "SimpleSample" */;
			buildPhases = (
				018F017F207AED7500CFDA20 /* Sources */,
				018F0180207AED7500CFDA20 /* Frameworks */,
				018F0181207AED7500CFDA20 /* Resources */,
			);
			buildRules = (
			);
			dependencies = (
			);
			name = SimpleSample;
			productName = SimpleSample;
			productReference = 018F0183207AED7500CFDA20 /* SimpleSample.app */;
			productType = "com.apple.product-type.application";
		};
/* End PBXNativeTarget section */

/* Begin PBXProject section */
		018F017B207AED7500CFDA20 /* Project object */ = {
			isa = PBXProject;
			attributes = {
				LastUpgradeCheck = 0930;
				ORGANIZATIONNAME = Bugs;
				TargetAttributes = {
					018F0182207AED7500CFDA20 = {
						CreatedOnToolsVersion = 9.3;
					};
				};
			};
			buildConfigurationList = 018F017E207AED7500CFDA20 /* Build configuration list for PBXProject "SimpleSample" */;
			compatibilityVersion = "Xcode 9.3";
			developmentRegion = en;
			hasScannedForEncodings = 0;
			knownRegions = (
				en,
				Base,
			);
			mainGroup = 018F017A207AED7500CFDA20;
			productRefGroup = 018F0184207AED7500CFDA20 /* Products */;
			projectDirPath = "";
			projectRoot = "";
			targets = (
				018F0182207AED7500CFDA20 /* SimpleSample */,
			);
		};
/* End PBXProject section */

/* Begin PBXResourcesBuildPhase section */
		018F0181207AED7500CFDA20 /* Resources */ = {
			isa = PBXResourcesBuildPhase;
			buildActionMask = 2147483647;
			files = (
				018F0193207AED7600CFDA20 /* LaunchScreen.storyboard in Resources */,
				018F0190207AED7600CFDA20 /* Assets.xcassets in Resources */,
				018F018E207AED7500CFDA20 /* Main.storyboard in Resources */,
				A47285712088860B00DB74B0 /* StackView.xib in Resources */,
				018F01B0207AF62900CFDA20 /* PictureView.xib in Resources */,
			);
			runOnlyForDeploymentPostprocessing = 0;
		};
/* End PBXResourcesBuildPhase section */

/* Begin PBXSourcesBuildPhase section */
		018F017F207AED7500CFDA20 /* Sources */ = {
			isa = PBXSourcesBuildPhase;
			buildActionMask = 2147483647;
			files = (
				018F01AE207AF62000CFDA20 /* PictureView.m in Sources */,
				A491C47C20B2BDCB00A43EC2 /* bugs.m in Sources */,
				A472856C208884D800DB74B0 /* StackViewController.m in Sources */,
				018F0196207AED7600CFDA20 /* main.m in Sources */,
				A472856F208885F700DB74B0 /* StackView.m in Sources */,
				01AB91EA207B4EC30032CE1F /* ChangeConstraintViewController.m in Sources */,
				018F019E207AEF0200CFDA20 /* PriorityViewController.m in Sources */,
				A491C45320B2596200A43EC2 /* CustomSchemeModule.m in Sources */,
				018F0188207AED7500CFDA20 /* AppDelegate.m in Sources */,
				0133F25C207B03D5000E4787 /* ContentPriorityViewController.m in Sources */,
				01AB91DD207B29C60032CE1F /* SizeClassViewController.m in Sources */,
				018F01AB207AF2B900CFDA20 /* IntrinsicContentSizeViewController.m in Sources */,
			);
			runOnlyForDeploymentPostprocessing = 0;
		};
/* End PBXSourcesBuildPhase section */

/* Begin PBXVariantGroup section */
		018F018C207AED7500CFDA20 /* Main.storyboard */ = {
			isa = PBXVariantGroup;
			children = (
				018F018D207AED7500CFDA20 /* Base */,
			);
			name = Main.storyboard;
			sourceTree = "<group>";
		};
		018F0191207AED7600CFDA20 /* LaunchScreen.storyboard */ = {
			isa = PBXVariantGroup;
			children = (
				018F0192207AED7600CFDA20 /* Base */,
			);
			name = LaunchScreen.storyboard;
			sourceTree = "<group>";
		};
/* End PBXVariantGroup section */

/* Begin XCBuildConfiguration section */
		018F0197207AED7600CFDA20 /* Debug */ = {
			isa = XCBuildConfiguration;
			buildSettings = {
				ALWAYS_SEARCH_USER_PATHS = NO;
				CLANG_ANALYZER_NONNULL = YES;
				CLANG_ANALYZER_NUMBER_OBJECT_CONVERSION = YES_AGGRESSIVE;
				CLANG_CXX_LANGUAGE_STANDARD = "gnu++14";
				CLANG_CXX_LIBRARY = "libc++";
				CLANG_ENABLE_MODULES = YES;
				CLANG_ENABLE_OBJC_ARC = YES;
				CLANG_ENABLE_OBJC_WEAK = YES;
				CLANG_WARN_BLOCK_CAPTURE_AUTORELEASING = YES;
				CLANG_WARN_BOOL_CONVERSION = YES;
				CLANG_WARN_COMMA = YES;
				CLANG_WARN_CONSTANT_CONVERSION = YES;
				CLANG_WARN_DEPRECATED_OBJC_IMPLEMENTATIONS = YES;
				CLANG_WARN_DIRECT_OBJC_ISA_USAGE = YES_ERROR;
				CLANG_WARN_DOCUMENTATION_COMMENTS = YES;
				CLANG_WARN_EMPTY_BODY = YES;
				CLANG_WARN_ENUM_CONVERSION = YES;
				CLANG_WARN_INFINITE_RECURSION = YES;
				CLANG_WARN_INT_CONVERSION = YES;
				CLANG_WARN_NON_LITERAL_NULL_CONVERSION = YES;
				CLANG_WARN_OBJC_IMPLICIT_RETAIN_SELF = YES;
				CLANG_WARN_OBJC_LITERAL_CONVERSION = YES;
				CLANG_WARN_OBJC_ROOT_CLASS = YES_ERROR;
				CLANG_WARN_RANGE_LOOP_ANALYSIS = YES;
				CLANG_WARN_STRICT_PROTOTYPES = YES;
				CLANG_WARN_SUSPICIOUS_MOVE = YES;
				CLANG_WARN_UNGUARDED_AVAILABILITY = YES_AGGRESSIVE;
				CLANG_WARN_UNREACHABLE_CODE = YES;
				CLANG_WARN__DUPLICATE_METHOD_MATCH = YES;
				CODE_SIGN_IDENTITY = "iPhone Developer";
				COPY_PHASE_STRIP = NO;
				DEBUG_INFORMATION_FORMAT = dwarf;
				ENABLE_STRICT_OBJC_MSGSEND = YES;
				ENABLE_TESTABILITY = YES;
				GCC_C_LANGUAGE_STANDARD = gnu11;
				GCC_DYNAMIC_NO_PIC = NO;
				GCC_NO_COMMON_BLOCKS = YES;
				GCC_OPTIMIZATION_LEVEL = 0;
				GCC_PREPROCESSOR_DEFINITIONS = (
					"DEBUG=1",
					"$(inherited)",
				);
				GCC_WARN_64_TO_32_BIT_CONVERSION = YES;
				GCC_WARN_ABOUT_RETURN_TYPE = YES_ERROR;
				GCC_WARN_UNDECLARED_SELECTOR = YES;
				GCC_WARN_UNINITIALIZED_AUTOS = YES_AGGRESSIVE;
				GCC_WARN_UNUSED_FUNCTION = YES;
				GCC_WARN_UNUSED_VARIABLE = YES;
				IPHONEOS_DEPLOYMENT_TARGET = 11.3;
				MTL_ENABLE_DEBUG_INFO = YES;
				ONLY_ACTIVE_ARCH = YES;
				SDKROOT = iphoneos;
			};
			name = Debug;
		};
		018F0198207AED7600CFDA20 /* Release */ = {
			isa = XCBuildConfiguration;
			buildSettings = {
				ALWAYS_SEARCH_USER_PATHS = NO;
				CLANG_ANALYZER_NONNULL = YES;
				CLANG_ANALYZER_NUMBER_OBJECT_CONVERSION = YES_AGGRESSIVE;
				CLANG_CXX_LANGUAGE_STANDARD = "gnu++14";
				CLANG_CXX_LIBRARY = "libc++";
				CLANG_ENABLE_MODULES = YES;
				CLANG_ENABLE_OBJC_ARC = YES;
				CLANG_ENABLE_OBJC_WEAK = YES;
				CLANG_WARN_BLOCK_CAPTURE_AUTORELEASING = YES;
				CLANG_WARN_BOOL_CONVERSION = YES;
				CLANG_WARN_COMMA = YES;
				CLANG_WARN_CONSTANT_CONVERSION = YES;
				CLANG_WARN_DEPRECATED_OBJC_IMPLEMENTATIONS = YES;
				CLANG_WARN_DIRECT_OBJC_ISA_USAGE = YES_ERROR;
				CLANG_WARN_DOCUMENTATION_COMMENTS = YES;
				CLANG_WARN_EMPTY_BODY = YES;
				CLANG_WARN_ENUM_CONVERSION = YES;
				CLANG_WARN_INFINITE_RECURSION = YES;
				CLANG_WARN_INT_CONVERSION = YES;
				CLANG_WARN_NON_LITERAL_NULL_CONVERSION = YES;
				CLANG_WARN_OBJC_IMPLICIT_RETAIN_SELF = YES;
				CLANG_WARN_OBJC_LITERAL_CONVERSION = YES;
				CLANG_WARN_OBJC_ROOT_CLASS = YES_ERROR;
				CLANG_WARN_RANGE_LOOP_ANALYSIS = YES;
				CLANG_WARN_STRICT_PROTOTYPES = YES;
				CLANG_WARN_SUSPICIOUS_MOVE = YES;
				CLANG_WARN_UNGUARDED_AVAILABILITY = YES_AGGRESSIVE;
				CLANG_WARN_UNREACHABLE_CODE = YES;
				CLANG_WARN__DUPLICATE_METHOD_MATCH = YES;
				CODE_SIGN_IDENTITY = "iPhone Developer";
				COPY_PHASE_STRIP = NO;
				DEBUG_INFORMATION_FORMAT = "dwarf-with-dsym";
				ENABLE_NS_ASSERTIONS = NO;
				ENABLE_STRICT_OBJC_MSGSEND = YES;
				GCC_C_LANGUAGE_STANDARD = gnu11;
				GCC_NO_COMMON_BLOCKS = YES;
				GCC_WARN_64_TO_32_BIT_CONVERSION = YES;
				GCC_WARN_ABOUT_RETURN_TYPE = YES_ERROR;
				GCC_WARN_UNDECLARED_SELECTOR = YES;
				GCC_WARN_UNINITIALIZED_AUTOS = YES_AGGRESSIVE;
				GCC_WARN_UNUSED_FUNCTION = YES;
				GCC_WARN_UNUSED_VARIABLE = YES;
				IPHONEOS_DEPLOYMENT_TARGET = 11.3;
				MTL_ENABLE_DEBUG_INFO = NO;
				SDKROOT = iphoneos;
				VALIDATE_PRODUCT = YES;
			};
			name = Release;
		};
		018F019A207AED7600CFDA20 /* Debug */ = {
			isa = XCBuildConfiguration;
			buildSettings = {
				ASSETCATALOG_COMPILER_APPICON_NAME = AppIcon;
				CODE_SIGN_STYLE = Automatic;
				INFOPLIST_FILE = SimpleSample/Info.plist;
				IPHONEOS_DEPLOYMENT_TARGET = 10.0;
				LD_RUNPATH_SEARCH_PATHS = (
					"$(inherited)",
					"@executable_path/Frameworks",
				);
				OTHER_LDFLAGS = "-ObjC";
				PRODUCT_BUNDLE_IDENTIFIER = Bugs.SimpleSample;
				PRODUCT_NAME = "$(TARGET_NAME)";
				TARGETED_DEVICE_FAMILY = "1,2";
			};
			name = Debug;
		};
		018F019B207AED7600CFDA20 /* Release */ = {
			isa = XCBuildConfiguration;
			buildSettings = {
				ASSETCATALOG_COMPILER_APPICON_NAME = AppIcon;
				CODE_SIGN_STYLE = Automatic;
				INFOPLIST_FILE = SimpleSample/Info.plist;
				IPHONEOS_DEPLOYMENT_TARGET = 10.0;
				LD_RUNPATH_SEARCH_PATHS = (
					"$(inherited)",
					"@executable_path/Frameworks",
				);
				OTHER_LDFLAGS = "-ObjC";
				PRODUCT_BUNDLE_IDENTIFIER = Bugs.SimpleSample;
				PRODUCT_NAME = "$(TARGET_NAME)";
				TARGETED_DEVICE_FAMILY = "1,2";
			};
			name = Release;
		};
/* End XCBuildConfiguration section */

/* Begin XCConfigurationList section */
		018F017E207AED7500CFDA20 /* Build configuration list for PBXProject "SimpleSample" */ = {
			isa = XCConfigurationList;
			buildConfigurations = (
				018F0197207AED7600CFDA20 /* Debug */,
				018F0198207AED7600CFDA20 /* Release */,
			);
			defaultConfigurationIsVisible = 0;
			defaultConfigurationName = Release;
		};
		018F0199207AED7600CFDA20 /* Build configuration list for PBXNativeTarget "SimpleSample" */ = {
			isa = XCConfigurationList;
			buildConfigurations = (
				018F019A207AED7600CFDA20 /* Debug */,
				018F019B207AED7600CFDA20 /* Release */,
			);
			defaultConfigurationIsVisible = 0;
			defaultConfigurationName = Release;
		};
/* End XCConfigurationList section */
	};
	rootObject = 018F017B207AED7500CFDA20 /* Project object */;
}
